// !$*UTF8*$!
{
	archiveVersion = 1;
	classes = {
	};
	objectVersion = 56;
	objects = {

/* Begin PBXBuildFile section */
		FB8DA6EF2C6D71A0001CFAA5 /* WidgetApp.swift in Sources */ = {isa = PBXBuildFile; fileRef = FB8DA6EE2C6D71A0001CFAA5 /* WidgetApp.swift */; };
		FB8DA6F12C6D71A0001CFAA5 /* ContentView.swift in Sources */ = {isa = PBXBuildFile; fileRef = FB8DA6F02C6D71A0001CFAA5 /* ContentView.swift */; };
		FB8DA6F32C6D71A2001CFAA5 /* Assets.xcassets in Resources */ = {isa = PBXBuildFile; fileRef = FB8DA6F22C6D71A2001CFAA5 /* Assets.xcassets */; };
		FB8DA6F62C6D71A2001CFAA5 /* Preview Assets.xcassets in Resources */ = {isa = PBXBuildFile; fileRef = FB8DA6F52C6D71A2001CFAA5 /* Preview Assets.xcassets */; };
		FB8DA7032C6D73BA001CFAA5 /* WidgetKit.framework in Frameworks */ = {isa = PBXBuildFile; fileRef = FB8DA7022C6D73B9001CFAA5 /* WidgetKit.framework */; };
		FB8DA7052C6D73BA001CFAA5 /* SwiftUI.framework in Frameworks */ = {isa = PBXBuildFile; fileRef = FB8DA7042C6D73BA001CFAA5 /* SwiftUI.framework */; };
		FB8DA7082C6D73BA001CFAA5 /* TaskWidgetBundle.swift in Sources */ = {isa = PBXBuildFile; fileRef = FB8DA7072C6D73BA001CFAA5 /* TaskWidgetBundle.swift */; };
		FB8DA70A2C6D73BA001CFAA5 /* TaskWidget.swift in Sources */ = {isa = PBXBuildFile; fileRef = FB8DA7092C6D73BA001CFAA5 /* TaskWidget.swift */; };
		FB8DA70C2C6D73BB001CFAA5 /* Assets.xcassets in Resources */ = {isa = PBXBuildFile; fileRef = FB8DA70B2C6D73BB001CFAA5 /* Assets.xcassets */; };
		FB8DA7102C6D73BB001CFAA5 /* TaskWidgetExtension.appex in Embed Foundation Extensions */ = {isa = PBXBuildFile; fileRef = FB8DA7002C6D73B9001CFAA5 /* TaskWidgetExtension.appex */; settings = {ATTRIBUTES = (RemoveHeadersOnCopy, ); }; };
		FBDBD1452C6D8995003B5AE6 /* TaskModel.swift in Sources */ = {isa = PBXBuildFile; fileRef = FBDBD1442C6D8995003B5AE6 /* TaskModel.swift */; };
		FBDBD1462C6D8995003B5AE6 /* TaskModel.swift in Sources */ = {isa = PBXBuildFile; fileRef = FBDBD1442C6D8995003B5AE6 /* TaskModel.swift */; };
		FBE1949B2C6D91940082A8B6 /* ToggleStateIntent.swift in Sources */ = {isa = PBXBuildFile; fileRef = FBE1949A2C6D91940082A8B6 /* ToggleStateIntent.swift */; };
		FBE1949C2C6D91940082A8B6 /* ToggleStateIntent.swift in Sources */ = {isa = PBXBuildFile; fileRef = FBE1949A2C6D91940082A8B6 /* ToggleStateIntent.swift */; };
/* End PBXBuildFile section */

/* Begin PBXContainerItemProxy section */
		FB8DA70E2C6D73BB001CFAA5 /* PBXContainerItemProxy */ = {
			isa = PBXContainerItemProxy;
			containerPortal = FB8DA6E32C6D71A0001CFAA5 /* Project object */;
			proxyType = 1;
			remoteGlobalIDString = FB8DA6FF2C6D73B9001CFAA5;
			remoteInfo = TaskWidgetExtension;
		};
/* End PBXContainerItemProxy section */

/* Begin PBXCopyFilesBuildPhase section */
		FB8DA7142C6D73BB001CFAA5 /* Embed Foundation Extensions */ = {
			isa = PBXCopyFilesBuildPhase;
			buildActionMask = 2147483647;
			dstPath = "";
			dstSubfolderSpec = 13;
			files = (
				FB8DA7102C6D73BB001CFAA5 /* TaskWidgetExtension.appex in Embed Foundation Extensions */,
			);
			name = "Embed Foundation Extensions";
			runOnlyForDeploymentPostprocessing = 0;
		};
/* End PBXCopyFilesBuildPhase section */

/* Begin PBXFileReference section */
		FB8DA6EB2C6D71A0001CFAA5 /* Widget.app */ = {isa = PBXFileReference; explicitFileType = wrapper.application; includeInIndex = 0; path = Widget.app; sourceTree = BUILT_PRODUCTS_DIR; };
		FB8DA6EE2C6D71A0001CFAA5 /* WidgetApp.swift */ = {isa = PBXFileReference; lastKnownFileType = sourcecode.swift; path = WidgetApp.swift; sourceTree = "<group>"; };
		FB8DA6F02C6D71A0001CFAA5 /* ContentView.swift */ = {isa = PBXFileReference; lastKnownFileType = sourcecode.swift; path = ContentView.swift; sourceTree = "<group>"; };
		FB8DA6F22C6D71A2001CFAA5 /* Assets.xcassets */ = {isa = PBXFileReference; lastKnownFileType = folder.assetcatalog; path = Assets.xcassets; sourceTree = "<group>"; };
		FB8DA6F52C6D71A2001CFAA5 /* Preview Assets.xcassets */ = {isa = PBXFileReference; lastKnownFileType = folder.assetcatalog; path = "Preview Assets.xcassets"; sourceTree = "<group>"; };
		FB8DA7002C6D73B9001CFAA5 /* TaskWidgetExtension.appex */ = {isa = PBXFileReference; explicitFileType = "wrapper.app-extension"; includeInIndex = 0; path = TaskWidgetExtension.appex; sourceTree = BUILT_PRODUCTS_DIR; };
		FB8DA7022C6D73B9001CFAA5 /* WidgetKit.framework */ = {isa = PBXFileReference; lastKnownFileType = wrapper.framework; name = WidgetKit.framework; path = System/Library/Frameworks/WidgetKit.framework; sourceTree = SDKROOT; };
		FB8DA7042C6D73BA001CFAA5 /* SwiftUI.framework */ = {isa = PBXFileReference; lastKnownFileType = wrapper.framework; name = SwiftUI.framework; path = System/Library/Frameworks/SwiftUI.framework; sourceTree = SDKROOT; };
		FB8DA7072C6D73BA001CFAA5 /* TaskWidgetBundle.swift */ = {isa = PBXFileReference; lastKnownFileType = sourcecode.swift; path = TaskWidgetBundle.swift; sourceTree = "<group>"; };
		FB8DA7092C6D73BA001CFAA5 /* TaskWidget.swift */ = {isa = PBXFileReference; lastKnownFileType = sourcecode.swift; path = TaskWidget.swift; sourceTree = "<group>"; };
		FB8DA70B2C6D73BB001CFAA5 /* Assets.xcassets */ = {isa = PBXFileReference; lastKnownFileType = folder.assetcatalog; path = Assets.xcassets; sourceTree = "<group>"; };
		FB8DA70D2C6D73BB001CFAA5 /* Info.plist */ = {isa = PBXFileReference; lastKnownFileType = text.plist.xml; path = Info.plist; sourceTree = "<group>"; };
		FBDBD1442C6D8995003B5AE6 /* TaskModel.swift */ = {isa = PBXFileReference; lastKnownFileType = sourcecode.swift; path = TaskModel.swift; sourceTree = "<group>"; };
		FBE1949A2C6D91940082A8B6 /* ToggleStateIntent.swift */ = {isa = PBXFileReference; lastKnownFileType = sourcecode.swift; path = ToggleStateIntent.swift; sourceTree = "<group>"; };
/* End PBXFileReference section */

/* Begin PBXFrameworksBuildPhase section */
		FB8DA6E82C6D71A0001CFAA5 /* Frameworks */ = {
			isa = PBXFrameworksBuildPhase;
			buildActionMask = 2147483647;
			files = (
			);
			runOnlyForDeploymentPostprocessing = 0;
		};
		FB8DA6FD2C6D73B9001CFAA5 /* Frameworks */ = {
			isa = PBXFrameworksBuildPhase;
			buildActionMask = 2147483647;
			files = (
				FB8DA7052C6D73BA001CFAA5 /* SwiftUI.framework in Frameworks */,
				FB8DA7032C6D73BA001CFAA5 /* WidgetKit.framework in Frameworks */,
			);
			runOnlyForDeploymentPostprocessing = 0;
		};
/* End PBXFrameworksBuildPhase section */

/* Begin PBXGroup section */
		FB8DA6E22C6D71A0001CFAA5 = {
			isa = PBXGroup;
			children = (
				FB8DA6ED2C6D71A0001CFAA5 /* Widget */,
				FB8DA7062C6D73BA001CFAA5 /* TaskWidget */,
				FB8DA7012C6D73B9001CFAA5 /* Frameworks */,
				FB8DA6EC2C6D71A0001CFAA5 /* Products */,
			);
			sourceTree = "<group>";
		};
		FB8DA6EC2C6D71A0001CFAA5 /* Products */ = {
			isa = PBXGroup;
			children = (
				FB8DA6EB2C6D71A0001CFAA5 /* Widget.app */,
				FB8DA7002C6D73B9001CFAA5 /* TaskWidgetExtension.appex */,
			);
			name = Products;
			sourceTree = "<group>";
		};
		FB8DA6ED2C6D71A0001CFAA5 /* Widget */ = {
			isa = PBXGroup;
			children = (
				FB8DA6EE2C6D71A0001CFAA5 /* WidgetApp.swift */,
				FB8DA6F02C6D71A0001CFAA5 /* ContentView.swift */,
				FB8DA6F22C6D71A2001CFAA5 /* Assets.xcassets */,
				FB8DA6F42C6D71A2001CFAA5 /* Preview Content */,
				FBDBD1442C6D8995003B5AE6 /* TaskModel.swift */,
			);
			path = Widget;
			sourceTree = "<group>";
		};
		FB8DA6F42C6D71A2001CFAA5 /* Preview Content */ = {
			isa = PBXGroup;
			children = (
				FB8DA6F52C6D71A2001CFAA5 /* Preview Assets.xcassets */,
			);
			path = "Preview Content";
			sourceTree = "<group>";
		};
		FB8DA7012C6D73B9001CFAA5 /* Frameworks */ = {
			isa = PBXGroup;
			children = (
				FB8DA7022C6D73B9001CFAA5 /* WidgetKit.framework */,
				FB8DA7042C6D73BA001CFAA5 /* SwiftUI.framework */,
			);
			name = Frameworks;
			sourceTree = "<group>";
		};
		FB8DA7062C6D73BA001CFAA5 /* TaskWidget */ = {
			isa = PBXGroup;
			children = (
				FB8DA7072C6D73BA001CFAA5 /* TaskWidgetBundle.swift */,
				FB8DA7092C6D73BA001CFAA5 /* TaskWidget.swift */,
				FB8DA70B2C6D73BB001CFAA5 /* Assets.xcassets */,
				FB8DA70D2C6D73BB001CFAA5 /* Info.plist */,
				FBE1949A2C6D91940082A8B6 /* ToggleStateIntent.swift */,
			);
			path = TaskWidget;
			sourceTree = "<group>";
		};
/* End PBXGroup section */

/* Begin PBXNativeTarget section */
		FB8DA6EA2C6D71A0001CFAA5 /* Widget */ = {
			isa = PBXNativeTarget;
			buildConfigurationList = FB8DA6F92C6D71A2001CFAA5 /* Build configuration list for PBXNativeTarget "Widget" */;
			buildPhases = (
				FB8DA6E72C6D71A0001CFAA5 /* Sources */,
				FB8DA6E82C6D71A0001CFAA5 /* Frameworks */,
				FB8DA6E92C6D71A0001CFAA5 /* Resources */,
				FB8DA7142C6D73BB001CFAA5 /* Embed Foundation Extensions */,
			);
			buildRules = (
			);
			dependencies = (
				FB8DA70F2C6D73BB001CFAA5 /* PBXTargetDependency */,
			);
			name = Widget;
			productName = Widget;
			productReference = FB8DA6EB2C6D71A0001CFAA5 /* Widget.app */;
			productType = "com.apple.product-type.application";
		};
		FB8DA6FF2C6D73B9001CFAA5 /* TaskWidgetExtension */ = {
			isa = PBXNativeTarget;
			buildConfigurationList = FB8DA7112C6D73BB001CFAA5 /* Build configuration list for PBXNativeTarget "TaskWidgetExtension" */;
			buildPhases = (
				FB8DA6FC2C6D73B9001CFAA5 /* Sources */,
				FB8DA6FD2C6D73B9001CFAA5 /* Frameworks */,
				FB8DA6FE2C6D73B9001CFAA5 /* Resources */,
			);
			buildRules = (
			);
			dependencies = (
			);
			name = TaskWidgetExtension;
			productName = TaskWidgetExtension;
			productReference = FB8DA7002C6D73B9001CFAA5 /* TaskWidgetExtension.appex */;
			productType = "com.apple.product-type.app-extension";
		};
/* End PBXNativeTarget section */

/* Begin PBXProject section */
		FB8DA6E32C6D71A0001CFAA5 /* Project object */ = {
			isa = PBXProject;
			attributes = {
				BuildIndependentTargetsInParallel = 1;
				LastSwiftUpdateCheck = 1540;
				LastUpgradeCheck = 1540;
				TargetAttributes = {
					FB8DA6EA2C6D71A0001CFAA5 = {
						CreatedOnToolsVersion = 15.4;
					};
					FB8DA6FF2C6D73B9001CFAA5 = {
						CreatedOnToolsVersion = 15.4;
					};
				};
			};
			buildConfigurationList = FB8DA6E62C6D71A0001CFAA5 /* Build configuration list for PBXProject "Widget" */;
			compatibilityVersion = "Xcode 14.0";
			developmentRegion = en;
			hasScannedForEncodings = 0;
			knownRegions = (
				en,
				Base,
			);
			mainGroup = FB8DA6E22C6D71A0001CFAA5;
			productRefGroup = FB8DA6EC2C6D71A0001CFAA5 /* Products */;
			projectDirPath = "";
			projectRoot = "";
			targets = (
				FB8DA6EA2C6D71A0001CFAA5 /* Widget */,
				FB8DA6FF2C6D73B9001CFAA5 /* TaskWidgetExtension */,
			);
		};
/* End PBXProject section */

/* Begin PBXResourcesBuildPhase section */
		FB8DA6E92C6D71A0001CFAA5 /* Resources */ = {
			isa = PBXResourcesBuildPhase;
			buildActionMask = 2147483647;
			files = (
				FB8DA6F62C6D71A2001CFAA5 /* Preview Assets.xcassets in Resources */,
				FB8DA6F32C6D71A2001CFAA5 /* Assets.xcassets in Resources */,
			);
			runOnlyForDeploymentPostprocessing = 0;
		};
		FB8DA6FE2C6D73B9001CFAA5 /* Resources */ = {
			isa = PBXResourcesBuildPhase;
			buildActionMask = 2147483647;
			files = (
				FB8DA70C2C6D73BB001CFAA5 /* Assets.xcassets in Resources */,
			);
			runOnlyForDeploymentPostprocessing = 0;
		};
/* End PBXResourcesBuildPhase section */

/* Begin PBXSourcesBuildPhase section */
		FB8DA6E72C6D71A0001CFAA5 /* Sources */ = {
			isa = PBXSourcesBuildPhase;
			buildActionMask = 2147483647;
			files = (
				FBDBD1452C6D8995003B5AE6 /* TaskModel.swift in Sources */,
				FB8DA6F12C6D71A0001CFAA5 /* ContentView.swift in Sources */,
				FB8DA6EF2C6D71A0001CFAA5 /* WidgetApp.swift in Sources */,
				FBE1949B2C6D91940082A8B6 /* ToggleStateIntent.swift in Sources */,
			);
			runOnlyForDeploymentPostprocessing = 0;
		};
		FB8DA6FC2C6D73B9001CFAA5 /* Sources */ = {
			isa = PBXSourcesBuildPhase;
			buildActionMask = 2147483647;
			files = (
				FBDBD1462C6D8995003B5AE6 /* TaskModel.swift in Sources */,
				FB8DA70A2C6D73BA001CFAA5 /* TaskWidget.swift in Sources */,
				FB8DA7082C6D73BA001CFAA5 /* TaskWidgetBundle.swift in Sources */,
				FBE1949C2C6D91940082A8B6 /* ToggleStateIntent.swift in Sources */,
			);
			runOnlyForDeploymentPostprocessing = 0;
		};
/* End PBXSourcesBuildPhase section */

/* Begin PBXTargetDependency section */
		FB8DA70F2C6D73BB001CFAA5 /* PBXTargetDependency */ = {
			isa = PBXTargetDependency;
			target = FB8DA6FF2C6D73B9001CFAA5 /* TaskWidgetExtension */;
			targetProxy = FB8DA70E2C6D73BB001CFAA5 /* PBXContainerItemProxy */;
		};
/* End PBXTargetDependency section */

/* Begin XCBuildConfiguration section */
		FB8DA6F72C6D71A2001CFAA5 /* Debug */ = {
			isa = XCBuildConfiguration;
			buildSettings = {
				ALWAYS_SEARCH_USER_PATHS = NO;
				ASSETCATALOG_COMPILER_GENERATE_SWIFT_ASSET_SYMBOL_EXTENSIONS = YES;
				CLANG_ANALYZER_NONNULL = YES;
				CLANG_ANALYZER_NUMBER_OBJECT_CONVERSION = YES_AGGRESSIVE;
				CLANG_CXX_LANGUAGE_STANDARD = "gnu++20";
				CLANG_ENABLE_MODULES = YES;
				CLANG_ENABLE_OBJC_ARC = YES;
				CLANG_ENABLE_OBJC_WEAK = YES;
				CLANG_WARN_BLOCK_CAPTURE_AUTORELEASING = YES;
				CLANG_WARN_BOOL_CONVERSION = YES;
				CLANG_WARN_COMMA = YES;
				CLANG_WARN_CONSTANT_CONVERSION = YES;
				CLANG_WARN_DEPRECATED_OBJC_IMPLEMENTATIONS = YES;
				CLANG_WARN_DIRECT_OBJC_ISA_USAGE = YES_ERROR;
				CLANG_WARN_DOCUMENTATION_COMMENTS = YES;
				CLANG_WARN_EMPTY_BODY = YES;
				CLANG_WARN_ENUM_CONVERSION = YES;
				CLANG_WARN_INFINITE_RECURSION = YES;
				CLANG_WARN_INT_CONVERSION = YES;
				CLANG_WARN_NON_LITERAL_NULL_CONVERSION = YES;
				CLANG_WARN_OBJC_IMPLICIT_RETAIN_SELF = YES;
				CLANG_WARN_OBJC_LITERAL_CONVERSION = YES;
				CLANG_WARN_OBJC_ROOT_CLASS = YES_ERROR;
				CLANG_WARN_QUOTED_INCLUDE_IN_FRAMEWORK_HEADER = YES;
				CLANG_WARN_RANGE_LOOP_ANALYSIS = YES;
				CLANG_WARN_STRICT_PROTOTYPES = YES;
				CLANG_WARN_SUSPICIOUS_MOVE = YES;
				CLANG_WARN_UNGUARDED_AVAILABILITY = YES_AGGRESSIVE;
				CLANG_WARN_UNREACHABLE_CODE = YES;
				CLANG_WARN__DUPLICATE_METHOD_MATCH = YES;
				COPY_PHASE_STRIP = NO;
				DEBUG_INFORMATION_FORMAT = dwarf;
				ENABLE_STRICT_OBJC_MSGSEND = YES;
				ENABLE_TESTABILITY = YES;
				ENABLE_USER_SCRIPT_SANDBOXING = YES;
				GCC_C_LANGUAGE_STANDARD = gnu17;
				GCC_DYNAMIC_NO_PIC = NO;
				GCC_NO_COMMON_BLOCKS = YES;
				GCC_OPTIMIZATION_LEVEL = 0;
				GCC_PREPROCESSOR_DEFINITIONS = (
					"DEBUG=1",
					"$(inherited)",
				);
				GCC_WARN_64_TO_32_BIT_CONVERSION = YES;
				GCC_WARN_ABOUT_RETURN_TYPE = YES_ERROR;
				GCC_WARN_UNDECLARED_SELECTOR = YES;
				GCC_WARN_UNINITIALIZED_AUTOS = YES_AGGRESSIVE;
				GCC_WARN_UNUSED_FUNCTION = YES;
				GCC_WARN_UNUSED_VARIABLE = YES;
				IPHONEOS_DEPLOYMENT_TARGET = 17.5;
				LOCALIZATION_PREFERS_STRING_CATALOGS = YES;
				MTL_ENABLE_DEBUG_INFO = INCLUDE_SOURCE;
				MTL_FAST_MATH = YES;
				ONLY_ACTIVE_ARCH = YES;
				SDKROOT = iphoneos;
				SWIFT_ACTIVE_COMPILATION_CONDITIONS = "DEBUG $(inherited)";
				SWIFT_OPTIMIZATION_LEVEL = "-Onone";
			};
			name = Debug;
		};
		FB8DA6F82C6D71A2001CFAA5 /* Release */ = {
			isa = XCBuildConfiguration;
			buildSettings = {
				ALWAYS_SEARCH_USER_PATHS = NO;
				ASSETCATALOG_COMPILER_GENERATE_SWIFT_ASSET_SYMBOL_EXTENSIONS = YES;
				CLANG_ANALYZER_NONNULL = YES;
				CLANG_ANALYZER_NUMBER_OBJECT_CONVERSION = YES_AGGRESSIVE;
				CLANG_CXX_LANGUAGE_STANDARD = "gnu++20";
				CLANG_ENABLE_MODULES = YES;
				CLANG_ENABLE_OBJC_ARC = YES;
				CLANG_ENABLE_OBJC_WEAK = YES;
				CLANG_WARN_BLOCK_CAPTURE_AUTORELEASING = YES;
				CLANG_WARN_BOOL_CONVERSION = YES;
				CLANG_WARN_COMMA = YES;
				CLANG_WARN_CONSTANT_CONVERSION = YES;
				CLANG_WARN_DEPRECATED_OBJC_IMPLEMENTATIONS = YES;
				CLANG_WARN_DIRECT_OBJC_ISA_USAGE = YES_ERROR;
				CLANG_WARN_DOCUMENTATION_COMMENTS = YES;
				CLANG_WARN_EMPTY_BODY = YES;
				CLANG_WARN_ENUM_CONVERSION = YES;
				CLANG_WARN_INFINITE_RECURSION = YES;
				CLANG_WARN_INT_CONVERSION = YES;
				CLANG_WARN_NON_LITERAL_NULL_CONVERSION = YES;
				CLANG_WARN_OBJC_IMPLICIT_RETAIN_SELF = YES;
				CLANG_WARN_OBJC_LITERAL_CONVERSION = YES;
				CLANG_WARN_OBJC_ROOT_CLASS = YES_ERROR;
				CLANG_WARN_QUOTED_INCLUDE_IN_FRAMEWORK_HEADER = YES;
				CLANG_WARN_RANGE_LOOP_ANALYSIS = YES;
				CLANG_WARN_STRICT_PROTOTYPES = YES;
				CLANG_WARN_SUSPICIOUS_MOVE = YES;
				CLANG_WARN_UNGUARDED_AVAILABILITY = YES_AGGRESSIVE;
				CLANG_WARN_UNREACHABLE_CODE = YES;
				CLANG_WARN__DUPLICATE_METHOD_MATCH = YES;
				COPY_PHASE_STRIP = NO;
				DEBUG_INFORMATION_FORMAT = "dwarf-with-dsym";
				ENABLE_NS_ASSERTIONS = NO;
				ENABLE_STRICT_OBJC_MSGSEND = YES;
				ENABLE_USER_SCRIPT_SANDBOXING = YES;
				GCC_C_LANGUAGE_STANDARD = gnu17;
				GCC_NO_COMMON_BLOCKS = YES;
				GCC_WARN_64_TO_32_BIT_CONVERSION = YES;
				GCC_WARN_ABOUT_RETURN_TYPE = YES_ERROR;
				GCC_WARN_UNDECLARED_SELECTOR = YES;
				GCC_WARN_UNINITIALIZED_AUTOS = YES_AGGRESSIVE;
				GCC_WARN_UNUSED_FUNCTION = YES;
				GCC_WARN_UNUSED_VARIABLE = YES;
				IPHONEOS_DEPLOYMENT_TARGET = 17.5;
				LOCALIZATION_PREFERS_STRING_CATALOGS = YES;
				MTL_ENABLE_DEBUG_INFO = NO;
				MTL_FAST_MATH = YES;
				SDKROOT = iphoneos;
				SWIFT_COMPILATION_MODE = wholemodule;
				VALIDATE_PRODUCT = YES;
			};
			name = Release;
		};
		FB8DA6FA2C6D71A2001CFAA5 /* Debug */ = {
			isa = XCBuildConfiguration;
			buildSettings = {
				ALWAYS_EMBED_SWIFT_STANDARD_LIBRARIES = YES;
				ASSETCATALOG_COMPILER_APPICON_NAME = AppIcon;
				ASSETCATALOG_COMPILER_GLOBAL_ACCENT_COLOR_NAME = AccentColor;
				CODE_SIGN_STYLE = Automatic;
				CURRENT_PROJECT_VERSION = 1;
				DEVELOPMENT_ASSET_PATHS = "\"Widget/Preview Content\"";
				ENABLE_PREVIEWS = YES;
				GENERATE_INFOPLIST_FILE = YES;
				INFOPLIST_KEY_UIApplicationSceneManifest_Generation = YES;
				INFOPLIST_KEY_UIApplicationSupportsIndirectInputEvents = YES;
				INFOPLIST_KEY_UILaunchScreen_Generation = YES;
				INFOPLIST_KEY_UISupportedInterfaceOrientations_iPad = "UIInterfaceOrientationPortrait UIInterfaceOrientationPortraitUpsideDown UIInterfaceOrientationLandscapeLeft UIInterfaceOrientationLandscapeRight";
				INFOPLIST_KEY_UISupportedInterfaceOrientations_iPhone = "UIInterfaceOrientationPortrait UIInterfaceOrientationLandscapeLeft UIInterfaceOrientationLandscapeRight";
				LD_RUNPATH_SEARCH_PATHS = (
					"$(inherited)",
					"@executable_path/Frameworks",
				);
				MARKETING_VERSION = 1.0;
				PRODUCT_BUNDLE_IDENTIFIER = tec.mx.Widget;
				PRODUCT_NAME = "$(TARGET_NAME)";
				SWIFT_EMIT_LOC_STRINGS = YES;
				SWIFT_VERSION = 5.0;
				TARGETED_DEVICE_FAMILY = "1,2";
			};
			name = Debug;
		};
		FB8DA6FB2C6D71A2001CFAA5 /* Release */ = {
			isa = XCBuildConfiguration;
			buildSettings = {
				ALWAYS_EMBED_SWIFT_STANDARD_LIBRARIES = YES;
				ASSETCATALOG_COMPILER_APPICON_NAME = AppIcon;
				ASSETCATALOG_COMPILER_GLOBAL_ACCENT_COLOR_NAME = AccentColor;
				CODE_SIGN_STYLE = Automatic;
				CURRENT_PROJECT_VERSION = 1;
				DEVELOPMENT_ASSET_PATHS = "\"Widget/Preview Content\"";
				ENABLE_PREVIEWS = YES;
				GENERATE_INFOPLIST_FILE = YES;
				INFOPLIST_KEY_UIApplicationSceneManifest_Generation = YES;
				INFOPLIST_KEY_UIApplicationSupportsIndirectInputEvents = YES;
				INFOPLIST_KEY_UILaunchScreen_Generation = YES;
				INFOPLIST_KEY_UISupportedInterfaceOrientations_iPad = "UIInterfaceOrientationPortrait UIInterfaceOrientationPortraitUpsideDown UIInterfaceOrientationLandscapeLeft UIInterfaceOrientationLandscapeRight";
				INFOPLIST_KEY_UISupportedInterfaceOrientations_iPhone = "UIInterfaceOrientationPortrait UIInterfaceOrientationLandscapeLeft UIInterfaceOrientationLandscapeRight";
				LD_RUNPATH_SEARCH_PATHS = (
					"$(inherited)",
					"@executable_path/Frameworks",
				);
				MARKETING_VERSION = 1.0;
				PRODUCT_BUNDLE_IDENTIFIER = tec.mx.Widget;
				PRODUCT_NAME = "$(TARGET_NAME)";
				SWIFT_EMIT_LOC_STRINGS = YES;
				SWIFT_VERSION = 5.0;
				TARGETED_DEVICE_FAMILY = "1,2";
			};
			name = Release;
		};
		FB8DA7122C6D73BB001CFAA5 /* Debug */ = {
			isa = XCBuildConfiguration;
			buildSettings = {
				ASSETCATALOG_COMPILER_GLOBAL_ACCENT_COLOR_NAME = AccentColor;
				ASSETCATALOG_COMPILER_WIDGET_BACKGROUND_COLOR_NAME = WidgetBackground;
				CODE_SIGN_STYLE = Automatic;
				CURRENT_PROJECT_VERSION = 1;
				GENERATE_INFOPLIST_FILE = YES;
				INFOPLIST_FILE = TaskWidget/Info.plist;
				INFOPLIST_KEY_CFBundleDisplayName = TaskWidget;
				INFOPLIST_KEY_NSHumanReadableCopyright = "";
				LD_RUNPATH_SEARCH_PATHS = (
					"$(inherited)",
					"@executable_path/Frameworks",
					"@executable_path/../../Frameworks",
				);
				MARKETING_VERSION = 1.0;
				PRODUCT_BUNDLE_IDENTIFIER = tec.mx.Widget.TaskWidget;
				PRODUCT_NAME = "$(TARGET_NAME)";
				SKIP_INSTALL = YES;
				SWIFT_EMIT_LOC_STRINGS = YES;
				SWIFT_VERSION = 5.0;
				TARGETED_DEVICE_FAMILY = "1,2";
			};
			name = Debug;
		};
		FB8DA7132C6D73BB001CFAA5 /* Release */ = {
			isa = XCBuildConfiguration;
			buildSettings = {
				ASSETCATALOG_COMPILER_GLOBAL_ACCENT_COLOR_NAME = AccentColor;
				ASSETCATALOG_COMPILER_WIDGET_BACKGROUND_COLOR_NAME = WidgetBackground;
				CODE_SIGN_STYLE = Automatic;
				CURRENT_PROJECT_VERSION = 1;
				GENERATE_INFOPLIST_FILE = YES;
				INFOPLIST_FILE = TaskWidget/Info.plist;
				INFOPLIST_KEY_CFBundleDisplayName = TaskWidget;
				INFOPLIST_KEY_NSHumanReadableCopyright = "";
				LD_RUNPATH_SEARCH_PATHS = (
					"$(inherited)",
					"@executable_path/Frameworks",
					"@executable_path/../../Frameworks",
				);
				MARKETING_VERSION = 1.0;
				PRODUCT_BUNDLE_IDENTIFIER = tec.mx.Widget.TaskWidget;
				PRODUCT_NAME = "$(TARGET_NAME)";
				SKIP_INSTALL = YES;
				SWIFT_EMIT_LOC_STRINGS = YES;
				SWIFT_VERSION = 5.0;
				TARGETED_DEVICE_FAMILY = "1,2";
			};
			name = Release;
		};
/* End XCBuildConfiguration section */

/* Begin XCConfigurationList section */
		FB8DA6E62C6D71A0001CFAA5 /* Build configuration list for PBXProject "Widget" */ = {
			isa = XCConfigurationList;
			buildConfigurations = (
				FB8DA6F72C6D71A2001CFAA5 /* Debug */,
				FB8DA6F82C6D71A2001CFAA5 /* Release */,
			);
			defaultConfigurationIsVisible = 0;
			defaultConfigurationName = Release;
		};
		FB8DA6F92C6D71A2001CFAA5 /* Build configuration list for PBXNativeTarget "Widget" */ = {
			isa = XCConfigurationList;
			buildConfigurations = (
				FB8DA6FA2C6D71A2001CFAA5 /* Debug */,
				FB8DA6FB2C6D71A2001CFAA5 /* Release */,
			);
			defaultConfigurationIsVisible = 0;
			defaultConfigurationName = Release;
		};
		FB8DA7112C6D73BB001CFAA5 /* Build configuration list for PBXNativeTarget "TaskWidgetExtension" */ = {
			isa = XCConfigurationList;
			buildConfigurations = (
				FB8DA7122C6D73BB001CFAA5 /* Debug */,
				FB8DA7132C6D73BB001CFAA5 /* Release */,
			);
			defaultConfigurationIsVisible = 0;
			defaultConfigurationName = Release;
		};
/* End XCConfigurationList section */
	};
	rootObject = FB8DA6E32C6D71A0001CFAA5 /* Project object */;
}
